{
  "nodes": {
    "caarlos0-nur": {
      "inputs": {
        "nixpkgs": "nixpkgs"
      },
      "locked": {
        "lastModified": 1685379842,
        "narHash": "sha256-DvrBhXNnxX01cW4yY5zfmj97h6LXhbX3FnHWbem+I3g=",
        "owner": "caarlos0",
        "repo": "nur",
        "rev": "6860070645d27d87c702c52caec81f708b1202c9",
        "type": "github"
      },
      "original": {
        "owner": "caarlos0",
        "repo": "nur",
        "type": "github"
      }
    },
    "darwin": {
      "inputs": {
        "nixpkgs": [
          "nixpkgs"
        ]
      },
      "locked": {
        "lastModified": 1684774948,
        "narHash": "sha256-hJTaw4dYzcB+lsasKejnafq0CxPsVetn9RLXrcL+4jE=",
        "owner": "lnl7",
        "repo": "nix-darwin",
        "rev": "b8c286c82c6b47826a6c0377e7017052ad91353c",
        "type": "github"
      },
      "original": {
        "owner": "lnl7",
        "repo": "nix-darwin",
        "type": "github"
      }
    },
    "goreleaser-nur": {
      "inputs": {
        "nixpkgs": "nixpkgs_2"
      },
      "locked": {
        "lastModified": 1684860532,
        "narHash": "sha256-cheCYPZ/uRTfMb7sBTDRjoE/rc6uz1LRWol99VsWxcs=",
        "owner": "goreleaser",
        "repo": "nur",
        "rev": "8ce4522416ed6bbd93440c25b8465c5061192d49",
        "type": "github"
      },
      "original": {
        "owner": "goreleaser",
        "repo": "nur",
        "type": "github"
      }
    },
    "home-manager": {
      "inputs": {
        "nixpkgs": [
          "nixpkgs"
        ]
      },
      "locked": {
        "lastModified": 1685438474,
        "narHash": "sha256-qQLHbg3mHYgWA3ngvWgWIdsirVkYA0StzKR3Qi72uWg=",
        "owner": "nix-community",
        "repo": "home-manager",
        "rev": "9f82227b64245c273d98dd02dedd44fc7576041e",
        "type": "github"
      },
      "original": {
        "owner": "nix-community",
        "repo": "home-manager",
        "type": "github"
      }
    },
    "mkAlias": {
      "inputs": {
        "nixpkgs": [
          "nixpkgs"
        ]
      },
      "locked": {
        "lastModified": 1678667396,
        "narHash": "sha256-00gStGvYNlFi9d9e2KJr9qXlcJotry7YfZyv2NCAThE=",
        "owner": "cdmistman",
        "repo": "mkAlias",
        "rev": "ab1afe594a3da8be30814b735cc5ad53d7c326f7",
        "type": "github"
      },
      "original": {
        "owner": "cdmistman",
        "repo": "mkAlias",
        "type": "github"
      }
    },
    "nix-index-database": {
      "inputs": {
        "nixpkgs": [
          "nixpkgs"
        ]
      },
      "locked": {
        "lastModified": 1683638468,
        "narHash": "sha256-tQEaGZfZ2Hpw+XIVEHaJ8FaF1yNQyMDDhUyIQ7LTIEg=",
        "owner": "Mic92",
        "repo": "nix-index-database",
        "rev": "219067a5e3cf4b9581c8b4fcfc59ecd5af953d07",
        "type": "github"
      },
      "original": {
        "owner": "Mic92",
        "repo": "nix-index-database",
        "type": "github"
      }
    },
    "nixpkgs": {
      "locked": {
        "lastModified": 1624561540,
        "narHash": "sha256-izJ2PYZMGMsSkg+e7c9A1x3t/yOLT+qzUM6WQsc2tqo=",
        "owner": "NixOS",
        "repo": "nixpkgs",
        "rev": "c6a049a3d32293b24c0f894a840872cf67fd7c11",
        "type": "github"
      },
      "original": {
        "owner": "NixOS",
        "ref": "nixpkgs-unstable",
        "repo": "nixpkgs",
        "type": "github"
      }
    },
    "nixpkgs_2": {
      "locked": {
        "lastModified": 1624561540,
        "narHash": "sha256-izJ2PYZMGMsSkg+e7c9A1x3t/yOLT+qzUM6WQsc2tqo=",
        "owner": "NixOS",
        "repo": "nixpkgs",
        "rev": "c6a049a3d32293b24c0f894a840872cf67fd7c11",
        "type": "github"
      },
      "original": {
        "owner": "NixOS",
        "ref": "nixpkgs-unstable",
        "repo": "nixpkgs",
        "type": "github"
      }
    },
    "nixpkgs_3": {
      "locked": {
        "lastModified": 1685383865,
        "narHash": "sha256-3uQytfnotO6QJv3r04ajSXbEFMII0dUtw0uqYlZ4dbk=",
        "owner": "nixos",
        "repo": "nixpkgs",
        "rev": "5e871d8aa6f57cc8e0dc087d1c5013f6e212b4ce",
        "type": "github"
      },
      "original": {
        "owner": "nixos",
        "ref": "nixos-unstable",
        "repo": "nixpkgs",
        "type": "github"
      }
    },
    "nur": {
      "locked": {
        "lastModified": 1685455734,
        "narHash": "sha256-9V5M0aQgSt6q8umGgtJKiDKWEu8ISm7ROKHFSEjO2D4=",
        "owner": "nix-community",
        "repo": "NUR",
        "rev": "05300deda528ba5964fbdb327279901368525265",
        "type": "github"
      },
      "original": {
        "owner": "nix-community",
        "repo": "NUR",
        "type": "github"
      }
    },
    "root": {
      "inputs": {
        "caarlos0-nur": "caarlos0-nur",
        "darwin": "darwin",
        "goreleaser-nur": "goreleaser-nur",
        "home-manager": "home-manager",
        "mkAlias": "mkAlias",
        "nix-index-database": "nix-index-database",
        "nixpkgs": "nixpkgs_3",
        "nur": "nur"
      }
    }
  },
  "root": "root",
  "version": 7
}
